
Microsoft Visual Studio Solution File, Format Version 12.00
# Visual Studio 15
VisualStudioVersion = 15.0.27004.2002
MinimumVisualStudioVersion = 10.0.40219.1
Project("{FAE04EC0-301F-11D3-BF4B-00C04F79EFBC}") = "HttpCli", "HttpCli\HttpCli.csproj", "{C064788C-BBAD-44BB-8F1D-2DD20EA3616B}"
EndProject
Global
	GlobalSection(SolutionConfigurationPlatforms) = preSolution
		Debug|Any CPU = Debug|Any CPU
		Release|Any CPU = Release|Any CPU
	EndGlobalSection
	GlobalSection(ProjectConfigurationPlatforms) = postSolution
		{C064788C-BBAD-44BB-8F1D-2DD20EA3616B}.Debug|Any CPU.ActiveCfg = Debug|Any CPU
		{C064788C-BBAD-44BB-8F1D-2DD20EA3616B}.Debug|Any CPU.Build.0 = Debug|Any CPU
		{C064788C-BBAD-44BB-8F1D-2DD20EA3616B}.Release|Any CPU.ActiveCfg = Release|Any CPU
		{C064788C-BBAD-44BB-8F1D-2DD20EA3616B}.Release|Any CPU.Build.0 = Release|Any CPU
	EndGlobalSection
	GlobalSection(SolutionProperties) = preSolution
		HideSolutionNode = FALSE
	EndGlobalSection
	GlobalSection(ExtensibilityGlobals) = postSolution
		SolutionGuid = {93C92847-A011-4AB9-B8A2-85AE0662810C}
	EndGlobalSection
EndGlobal
